// !$*UTF8*$!
{
	archiveVersion = 1;
	classes = {
	};
	objectVersion = 46;
	objects = {

/* Begin PBXBuildFile section */
		AA8E54BB1CBD13E2005B04F0 /* PTBadgeButton.m in Sources */ = {isa = PBXBuildFile; fileRef = AA8E54B61CBD13E2005B04F0 /* PTBadgeButton.m */; };
		AA8E54BD1CBD13E2005B04F0 /* PTTabBarButton.m in Sources */ = {isa = PBXBuildFile; fileRef = AA8E54BA1CBD13E2005B04F0 /* PTTabBarButton.m */; };
		AACC15541CBBDD1E0042D1CE /* PTPopMenu.m in Sources */ = {isa = PBXBuildFile; fileRef = AACC15511CBBDD1E0042D1CE /* PTPopMenu.m */; };
		AACC15551CBBDD1E0042D1CE /* PTTitleButton.m in Sources */ = {isa = PBXBuildFile; fileRef = AACC15531CBBDD1E0042D1CE /* PTTitleButton.m */; };
		AACC155C1CBBE7050042D1CE /* PTComposeViewController.m in Sources */ = {isa = PBXBuildFile; fileRef = AACC15591CBBE7050042D1CE /* PTComposeViewController.m */; };
		AACC155F1CBBE71E0042D1CE /* PTTabBar.m in Sources */ = {isa = PBXBuildFile; fileRef = AACC155E1CBBE71E0042D1CE /* PTTabBar.m */; };
		AAE3E4761CBA208600AE23C0 /* Main.storyboard in Resources */ = {isa = PBXBuildFile; fileRef = AAE3E4741CBA208600AE23C0 /* Main.storyboard */; };
		AAE3E47B1CBA208600AE23C0 /* LaunchScreen.storyboard in Resources */ = {isa = PBXBuildFile; fileRef = AAE3E4791CBA208600AE23C0 /* LaunchScreen.storyboard */; };
		AAE3E4861CBA208600AE23C0 /* MySinaTests.m in Sources */ = {isa = PBXBuildFile; fileRef = AAE3E4851CBA208600AE23C0 /* MySinaTests.m */; };
		AAE3E4911CBA208600AE23C0 /* MySinaUITests.m in Sources */ = {isa = PBXBuildFile; fileRef = AAE3E4901CBA208600AE23C0 /* MySinaUITests.m */; };
		AAE3E4CA1CBA211700AE23C0 /* PTDiscoverViewController.m in Sources */ = {isa = PBXBuildFile; fileRef = AAE3E4A21CBA211700AE23C0 /* PTDiscoverViewController.m */; };
		AAE3E4CC1CBA211700AE23C0 /* UIBarButtonItem+Extension.m in Sources */ = {isa = PBXBuildFile; fileRef = AAE3E4AE1CBA211700AE23C0 /* UIBarButtonItem+Extension.m */; };
		AAE3E4CD1CBA211700AE23C0 /* UIImage+Extension.m in Sources */ = {isa = PBXBuildFile; fileRef = AAE3E4B01CBA211700AE23C0 /* UIImage+Extension.m */; };
		AAE3E4CE1CBA211700AE23C0 /* UIView+Extension.m in Sources */ = {isa = PBXBuildFile; fileRef = AAE3E4B21CBA211700AE23C0 /* UIView+Extension.m */; };
		AAE3E4CF1CBA211700AE23C0 /* PTNavigationController.m in Sources */ = {isa = PBXBuildFile; fileRef = AAE3E4B51CBA211700AE23C0 /* PTNavigationController.m */; };
		AAE3E4D01CBA211700AE23C0 /* PTTabBarController.m in Sources */ = {isa = PBXBuildFile; fileRef = AAE3E4B71CBA211700AE23C0 /* PTTabBarController.m */; };
		AAE3E4D11CBA211700AE23C0 /* main.m in Sources */ = {isa = PBXBuildFile; fileRef = AAE3E4BA1CBA211700AE23C0 /* main.m */; };
		AAE3E4D21CBA211700AE23C0 /* PTAppDelegate.m in Sources */ = {isa = PBXBuildFile; fileRef = AAE3E4BC1CBA211700AE23C0 /* PTAppDelegate.m */; };
		AAE3E4D31CBA211700AE23C0 /* PTMessageViewController.m in Sources */ = {isa = PBXBuildFile; fileRef = AAE3E4C11CBA211700AE23C0 /* PTMessageViewController.m */; };
		AAE3E4D41CBA211700AE23C0 /* PTProfileViewController.m in Sources */ = {isa = PBXBuildFile; fileRef = AAE3E4C71CBA211700AE23C0 /* PTProfileViewController.m */; };
		AAE3E4D61CBA216600AE23C0 /* Images.xcassets in Resources */ = {isa = PBXBuildFile; fileRef = AAE3E4D51CBA216600AE23C0 /* Images.xcassets */; };
		AAE3E4DE1CBA293A00AE23C0 /* Contents.json in Resources */ = {isa = PBXBuildFile; fileRef = AAE3E4DA1CBA293A00AE23C0 /* Contents.json */; };
		AAE3E4DF1CBA293A00AE23C0 /* icon.png in Resources */ = {isa = PBXBuildFile; fileRef = AAE3E4DB1CBA293A00AE23C0 /* icon.png */; };
		AAE3E4E01CBA293A00AE23C0 /* icon@2x.png in Resources */ = {isa = PBXBuildFile; fileRef = AAE3E4DC1CBA293A00AE23C0 /* icon@2x.png */; };
		AAE3E4E11CBA293A00AE23C0 /* icon_os7@2x.png in Resources */ = {isa = PBXBuildFile; fileRef = AAE3E4DD1CBA293A00AE23C0 /* icon_os7@2x.png */; };
		AAE3E4E41CBA2EB800AE23C0 /* PTHomeViewController.m in Sources */ = {isa = PBXBuildFile; fileRef = AAE3E4E31CBA2EB800AE23C0 /* PTHomeViewController.m */; };
/* End PBXBuildFile section */

/* Begin PBXContainerItemProxy section */
		AAE3E4821CBA208600AE23C0 /* PBXContainerItemProxy */ = {
			isa = PBXContainerItemProxy;
			containerPortal = AAE3E4601CBA208500AE23C0 /* Project object */;
			proxyType = 1;
			remoteGlobalIDString = AAE3E4671CBA208600AE23C0;
			remoteInfo = MySina;
		};
		AAE3E48D1CBA208600AE23C0 /* PBXContainerItemProxy */ = {
			isa = PBXContainerItemProxy;
			containerPortal = AAE3E4601CBA208500AE23C0 /* Project object */;
			proxyType = 1;
			remoteGlobalIDString = AAE3E4671CBA208600AE23C0;
			remoteInfo = MySina;
		};
/* End PBXContainerItemProxy section */

/* Begin PBXFileReference section */
		AA8E54B51CBD13E2005B04F0 /* PTBadgeButton.h */ = {isa = PBXFileReference; fileEncoding = 4; lastKnownFileType = sourcecode.c.h; path = PTBadgeButton.h; sourceTree = "<group>"; };
		AA8E54B61CBD13E2005B04F0 /* PTBadgeButton.m */ = {isa = PBXFileReference; fileEncoding = 4; lastKnownFileType = sourcecode.c.objc; path = PTBadgeButton.m; sourceTree = "<group>"; };
		AA8E54B91CBD13E2005B04F0 /* PTTabBarButton.h */ = {isa = PBXFileReference; fileEncoding = 4; lastKnownFileType = sourcecode.c.h; path = PTTabBarButton.h; sourceTree = "<group>"; };
		AA8E54BA1CBD13E2005B04F0 /* PTTabBarButton.m */ = {isa = PBXFileReference; fileEncoding = 4; lastKnownFileType = sourcecode.c.objc; path = PTTabBarButton.m; sourceTree = "<group>"; };
		AACC15501CBBDD1E0042D1CE /* PTPopMenu.h */ = {isa = PBXFileReference; fileEncoding = 4; lastKnownFileType = sourcecode.c.h; path = PTPopMenu.h; sourceTree = "<group>"; };
		AACC15511CBBDD1E0042D1CE /* PTPopMenu.m */ = {isa = PBXFileReference; fileEncoding = 4; lastKnownFileType = sourcecode.c.objc; path = PTPopMenu.m; sourceTree = "<group>"; };
		AACC15521CBBDD1E0042D1CE /* PTTitleButton.h */ = {isa = PBXFileReference; fileEncoding = 4; lastKnownFileType = sourcecode.c.h; path = PTTitleButton.h; sourceTree = "<group>"; };
		AACC15531CBBDD1E0042D1CE /* PTTitleButton.m */ = {isa = PBXFileReference; fileEncoding = 4; lastKnownFileType = sourcecode.c.objc; path = PTTitleButton.m; sourceTree = "<group>"; };
		AACC15581CBBE7050042D1CE /* PTComposeViewController.h */ = {isa = PBXFileReference; fileEncoding = 4; lastKnownFileType = sourcecode.c.h; path = PTComposeViewController.h; sourceTree = "<group>"; };
		AACC15591CBBE7050042D1CE /* PTComposeViewController.m */ = {isa = PBXFileReference; fileEncoding = 4; lastKnownFileType = sourcecode.c.objc; path = PTComposeViewController.m; sourceTree = "<group>"; };
		AACC155D1CBBE71E0042D1CE /* PTTabBar.h */ = {isa = PBXFileReference; fileEncoding = 4; lastKnownFileType = sourcecode.c.h; path = PTTabBar.h; sourceTree = "<group>"; };
		AACC155E1CBBE71E0042D1CE /* PTTabBar.m */ = {isa = PBXFileReference; fileEncoding = 4; lastKnownFileType = sourcecode.c.objc; path = PTTabBar.m; sourceTree = "<group>"; };
		AAE3E4681CBA208600AE23C0 /* MySina.app */ = {isa = PBXFileReference; explicitFileType = wrapper.application; includeInIndex = 0; path = MySina.app; sourceTree = BUILT_PRODUCTS_DIR; };
		AAE3E4751CBA208600AE23C0 /* Base */ = {isa = PBXFileReference; lastKnownFileType = file.storyboard; name = Base; path = Base.lproj/Main.storyboard; sourceTree = "<group>"; };
		AAE3E47A1CBA208600AE23C0 /* Base */ = {isa = PBXFileReference; lastKnownFileType = file.storyboard; name = Base; path = Base.lproj/LaunchScreen.storyboard; sourceTree = "<group>"; };
		AAE3E47C1CBA208600AE23C0 /* Info.plist */ = {isa = PBXFileReference; lastKnownFileType = text.plist.xml; path = Info.plist; sourceTree = "<group>"; };
		AAE3E4811CBA208600AE23C0 /* MySinaTests.xctest */ = {isa = PBXFileReference; explicitFileType = wrapper.cfbundle; includeInIndex = 0; path = MySinaTests.xctest; sourceTree = BUILT_PRODUCTS_DIR; };
		AAE3E4851CBA208600AE23C0 /* MySinaTests.m */ = {isa = PBXFileReference; lastKnownFileType = sourcecode.c.objc; path = MySinaTests.m; sourceTree = "<group>"; };
		AAE3E4871CBA208600AE23C0 /* Info.plist */ = {isa = PBXFileReference; lastKnownFileType = text.plist.xml; path = Info.plist; sourceTree = "<group>"; };
		AAE3E48C1CBA208600AE23C0 /* MySinaUITests.xctest */ = {isa = PBXFileReference; explicitFileType = wrapper.cfbundle; includeInIndex = 0; path = MySinaUITests.xctest; sourceTree = BUILT_PRODUCTS_DIR; };
		AAE3E4901CBA208600AE23C0 /* MySinaUITests.m */ = {isa = PBXFileReference; lastKnownFileType = sourcecode.c.objc; path = MySinaUITests.m; sourceTree = "<group>"; };
		AAE3E4921CBA208600AE23C0 /* Info.plist */ = {isa = PBXFileReference; lastKnownFileType = text.plist.xml; path = Info.plist; sourceTree = "<group>"; };
		AAE3E4A11CBA211700AE23C0 /* PTDiscoverViewController.h */ = {isa = PBXFileReference; fileEncoding = 4; lastKnownFileType = sourcecode.c.h; path = PTDiscoverViewController.h; sourceTree = "<group>"; };
		AAE3E4A21CBA211700AE23C0 /* PTDiscoverViewController.m */ = {isa = PBXFileReference; fileEncoding = 4; lastKnownFileType = sourcecode.c.objc; path = PTDiscoverViewController.m; sourceTree = "<group>"; };
		AAE3E4AD1CBA211700AE23C0 /* UIBarButtonItem+Extension.h */ = {isa = PBXFileReference; fileEncoding = 4; lastKnownFileType = sourcecode.c.h; path = "UIBarButtonItem+Extension.h"; sourceTree = "<group>"; };
		AAE3E4AE1CBA211700AE23C0 /* UIBarButtonItem+Extension.m */ = {isa = PBXFileReference; fileEncoding = 4; lastKnownFileType = sourcecode.c.objc; path = "UIBarButtonItem+Extension.m"; sourceTree = "<group>"; };
		AAE3E4AF1CBA211700AE23C0 /* UIImage+Extension.h */ = {isa = PBXFileReference; fileEncoding = 4; lastKnownFileType = sourcecode.c.h; path = "UIImage+Extension.h"; sourceTree = "<group>"; };
		AAE3E4B01CBA211700AE23C0 /* UIImage+Extension.m */ = {isa = PBXFileReference; fileEncoding = 4; lastKnownFileType = sourcecode.c.objc; path = "UIImage+Extension.m"; sourceTree = "<group>"; };
		AAE3E4B11CBA211700AE23C0 /* UIView+Extension.h */ = {isa = PBXFileReference; fileEncoding = 4; lastKnownFileType = sourcecode.c.h; path = "UIView+Extension.h"; sourceTree = "<group>"; };
		AAE3E4B21CBA211700AE23C0 /* UIView+Extension.m */ = {isa = PBXFileReference; fileEncoding = 4; lastKnownFileType = sourcecode.c.objc; path = "UIView+Extension.m"; sourceTree = "<group>"; };
		AAE3E4B41CBA211700AE23C0 /* PTNavigationController.h */ = {isa = PBXFileReference; fileEncoding = 4; lastKnownFileType = sourcecode.c.h; path = PTNavigationController.h; sourceTree = "<group>"; };
		AAE3E4B51CBA211700AE23C0 /* PTNavigationController.m */ = {isa = PBXFileReference; fileEncoding = 4; lastKnownFileType = sourcecode.c.objc; path = PTNavigationController.m; sourceTree = "<group>"; };
		AAE3E4B61CBA211700AE23C0 /* PTTabBarController.h */ = {isa = PBXFileReference; fileEncoding = 4; lastKnownFileType = sourcecode.c.h; path = PTTabBarController.h; sourceTree = "<group>"; };
		AAE3E4B71CBA211700AE23C0 /* PTTabBarController.m */ = {isa = PBXFileReference; fileEncoding = 4; lastKnownFileType = sourcecode.c.objc; path = PTTabBarController.m; sourceTree = "<group>"; };
		AAE3E4BA1CBA211700AE23C0 /* main.m */ = {isa = PBXFileReference; fileEncoding = 4; lastKnownFileType = sourcecode.c.objc; path = main.m; sourceTree = "<group>"; };
		AAE3E4BB1CBA211700AE23C0 /* PTAppDelegate.h */ = {isa = PBXFileReference; fileEncoding = 4; lastKnownFileType = sourcecode.c.h; path = PTAppDelegate.h; sourceTree = "<group>"; };
		AAE3E4BC1CBA211700AE23C0 /* PTAppDelegate.m */ = {isa = PBXFileReference; fileEncoding = 4; lastKnownFileType = sourcecode.c.objc; path = PTAppDelegate.m; sourceTree = "<group>"; };
		AAE3E4C01CBA211700AE23C0 /* PTMessageViewController.h */ = {isa = PBXFileReference; fileEncoding = 4; lastKnownFileType = sourcecode.c.h; path = PTMessageViewController.h; sourceTree = "<group>"; };
		AAE3E4C11CBA211700AE23C0 /* PTMessageViewController.m */ = {isa = PBXFileReference; fileEncoding = 4; lastKnownFileType = sourcecode.c.objc; path = PTMessageViewController.m; sourceTree = "<group>"; };
		AAE3E4C61CBA211700AE23C0 /* PTProfileViewController.h */ = {isa = PBXFileReference; fileEncoding = 4; lastKnownFileType = sourcecode.c.h; path = PTProfileViewController.h; sourceTree = "<group>"; };
		AAE3E4C71CBA211700AE23C0 /* PTProfileViewController.m */ = {isa = PBXFileReference; fileEncoding = 4; lastKnownFileType = sourcecode.c.objc; path = PTProfileViewController.m; sourceTree = "<group>"; };
		AAE3E4D51CBA216600AE23C0 /* Images.xcassets */ = {isa = PBXFileReference; lastKnownFileType = folder.assetcatalog; path = Images.xcassets; sourceTree = "<group>"; };
		AAE3E4D81CBA227C00AE23C0 /* MySinaPrefixHeader.pch */ = {isa = PBXFileReference; lastKnownFileType = sourcecode.c.h; path = MySinaPrefixHeader.pch; sourceTree = "<group>"; };
		AAE3E4DA1CBA293A00AE23C0 /* Contents.json */ = {isa = PBXFileReference; fileEncoding = 4; lastKnownFileType = text.json; path = Contents.json; sourceTree = "<group>"; };
		AAE3E4DB1CBA293A00AE23C0 /* icon.png */ = {isa = PBXFileReference; lastKnownFileType = image.png; path = icon.png; sourceTree = "<group>"; };
		AAE3E4DC1CBA293A00AE23C0 /* icon@2x.png */ = {isa = PBXFileReference; lastKnownFileType = image.png; path = "icon@2x.png"; sourceTree = "<group>"; };
		AAE3E4DD1CBA293A00AE23C0 /* icon_os7@2x.png */ = {isa = PBXFileReference; lastKnownFileType = image.png; path = "icon_os7@2x.png"; sourceTree = "<group>"; };
		AAE3E4E21CBA2EB800AE23C0 /* PTHomeViewController.h */ = {isa = PBXFileReference; fileEncoding = 4; lastKnownFileType = sourcecode.c.h; path = PTHomeViewController.h; sourceTree = "<group>"; };
		AAE3E4E31CBA2EB800AE23C0 /* PTHomeViewController.m */ = {isa = PBXFileReference; fileEncoding = 4; lastKnownFileType = sourcecode.c.objc; path = PTHomeViewController.m; sourceTree = "<group>"; };
/* End PBXFileReference section */

/* Begin PBXFrameworksBuildPhase section */
		AAE3E4651CBA208600AE23C0 /* Frameworks */ = {
			isa = PBXFrameworksBuildPhase;
			buildActionMask = 2147483647;
			files = (
			);
			runOnlyForDeploymentPostprocessing = 0;
		};
		AAE3E47E1CBA208600AE23C0 /* Frameworks */ = {
			isa = PBXFrameworksBuildPhase;
			buildActionMask = 2147483647;
			files = (
			);
			runOnlyForDeploymentPostprocessing = 0;
		};
		AAE3E4891CBA208600AE23C0 /* Frameworks */ = {
			isa = PBXFrameworksBuildPhase;
			buildActionMask = 2147483647;
			files = (
			);
			runOnlyForDeploymentPostprocessing = 0;
		};
/* End PBXFrameworksBuildPhase section */

/* Begin PBXGroup section */
		AACC15561CBBE7050042D1CE /* Compose(发微博) */ = {
			isa = PBXGroup;
			children = (
				AACC15571CBBE7050042D1CE /* Controller */,
				AACC155A1CBBE7050042D1CE /* model */,
				AACC155B1CBBE7050042D1CE /* view */,
			);
			path = "Compose(发微博)";
			sourceTree = "<group>";
		};
		AACC15571CBBE7050042D1CE /* Controller */ = {
			isa = PBXGroup;
			children = (
				AACC15581CBBE7050042D1CE /* PTComposeViewController.h */,
				AACC15591CBBE7050042D1CE /* PTComposeViewController.m */,
			);
			path = Controller;
			sourceTree = "<group>";
		};
		AACC155A1CBBE7050042D1CE /* model */ = {
			isa = PBXGroup;
			children = (
			);
			path = model;
			sourceTree = "<group>";
		};
		AACC155B1CBBE7050042D1CE /* view */ = {
			isa = PBXGroup;
			children = (
			);
			path = view;
			sourceTree = "<group>";
		};
		AAE3E45F1CBA208500AE23C0 = {
			isa = PBXGroup;
			children = (
				AAE3E46A1CBA208600AE23C0 /* MySina */,
				AAE3E4841CBA208600AE23C0 /* MySinaTests */,
				AAE3E48F1CBA208600AE23C0 /* MySinaUITests */,
				AAE3E4691CBA208600AE23C0 /* Products */,
			);
			sourceTree = "<group>";
		};
		AAE3E4691CBA208600AE23C0 /* Products */ = {
			isa = PBXGroup;
			children = (
				AAE3E4681CBA208600AE23C0 /* MySina.app */,
				AAE3E4811CBA208600AE23C0 /* MySinaTests.xctest */,
				AAE3E48C1CBA208600AE23C0 /* MySinaUITests.xctest */,
			);
			name = Products;
			sourceTree = "<group>";
		};
		AAE3E46A1CBA208600AE23C0 /* MySina */ = {
			isa = PBXGroup;
			children = (
				AAE3E49E1CBA211700AE23C0 /* classes */,
				AAE3E47C1CBA208600AE23C0 /* Info.plist */,
				AAE3E4D81CBA227C00AE23C0 /* MySinaPrefixHeader.pch */,
				AAE3E46B1CBA208600AE23C0 /* Supporting Files */,
			);
			path = MySina;
			sourceTree = "<group>";
		};
		AAE3E46B1CBA208600AE23C0 /* Supporting Files */ = {
			isa = PBXGroup;
			children = (
				AAE3E4D91CBA293A00AE23C0 /* AppIcon.appiconset */,
				AAE3E4D51CBA216600AE23C0 /* Images.xcassets */,
				AAE3E4741CBA208600AE23C0 /* Main.storyboard */,
				AAE3E4791CBA208600AE23C0 /* LaunchScreen.storyboard */,
			);
			name = "Supporting Files";
			sourceTree = "<group>";
		};
		AAE3E4841CBA208600AE23C0 /* MySinaTests */ = {
			isa = PBXGroup;
			children = (
				AAE3E4851CBA208600AE23C0 /* MySinaTests.m */,
				AAE3E4871CBA208600AE23C0 /* Info.plist */,
			);
			path = MySinaTests;
			sourceTree = "<group>";
		};
		AAE3E48F1CBA208600AE23C0 /* MySinaUITests */ = {
			isa = PBXGroup;
			children = (
				AAE3E4901CBA208600AE23C0 /* MySinaUITests.m */,
				AAE3E4921CBA208600AE23C0 /* Info.plist */,
			);
			path = MySinaUITests;
			sourceTree = "<group>";
		};
		AAE3E49E1CBA211700AE23C0 /* classes */ = {
			isa = PBXGroup;
			children = (
				AAE3E49F1CBA211700AE23C0 /* Discover(发现) */,
				AAE3E4A51CBA211700AE23C0 /* Home(首页) */,
				AAE3E4AB1CBA211700AE23C0 /* Main */,
				AACC15561CBBE7050042D1CE /* Compose(发微博) */,
				AAE3E4BE1CBA211700AE23C0 /* Message(消息) */,
				AAE3E4C41CBA211700AE23C0 /* Profile(我) */,
			);
			path = classes;
			sourceTree = "<group>";
		};
		AAE3E49F1CBA211700AE23C0 /* Discover(发现) */ = {
			isa = PBXGroup;
			children = (
				AAE3E4A01CBA211700AE23C0 /* Controller */,
				AAE3E4A31CBA211700AE23C0 /* Model */,
				AAE3E4A41CBA211700AE23C0 /* View */,
			);
			path = "Discover(发现)";
			sourceTree = "<group>";
		};
		AAE3E4A01CBA211700AE23C0 /* Controller */ = {
			isa = PBXGroup;
			children = (
				AAE3E4A11CBA211700AE23C0 /* PTDiscoverViewController.h */,
				AAE3E4A21CBA211700AE23C0 /* PTDiscoverViewController.m */,
			);
			path = Controller;
			sourceTree = "<group>";
		};
		AAE3E4A31CBA211700AE23C0 /* Model */ = {
			isa = PBXGroup;
			children = (
			);
			name = Model;
			path = model;
			sourceTree = "<group>";
		};
		AAE3E4A41CBA211700AE23C0 /* View */ = {
			isa = PBXGroup;
			children = (
			);
			name = View;
			path = view;
			sourceTree = "<group>";
		};
		AAE3E4A51CBA211700AE23C0 /* Home(首页) */ = {
			isa = PBXGroup;
			children = (
				AAE3E4A61CBA211700AE23C0 /* Controller */,
				AAE3E4A91CBA211700AE23C0 /* Model */,
				AAE3E4AA1CBA211700AE23C0 /* View */,
			);
			path = "Home(首页)";
			sourceTree = "<group>";
		};
		AAE3E4A61CBA211700AE23C0 /* Controller */ = {
			isa = PBXGroup;
			children = (
				AAE3E4E21CBA2EB800AE23C0 /* PTHomeViewController.h */,
				AAE3E4E31CBA2EB800AE23C0 /* PTHomeViewController.m */,
			);
			path = Controller;
			sourceTree = "<group>";
		};
		AAE3E4A91CBA211700AE23C0 /* Model */ = {
			isa = PBXGroup;
			children = (
			);
			name = Model;
			path = model;
			sourceTree = "<group>";
		};
		AAE3E4AA1CBA211700AE23C0 /* View */ = {
			isa = PBXGroup;
			children = (
				AACC15521CBBDD1E0042D1CE /* PTTitleButton.h */,
				AACC15531CBBDD1E0042D1CE /* PTTitleButton.m */,
				AACC15501CBBDD1E0042D1CE /* PTPopMenu.h */,
				AACC15511CBBDD1E0042D1CE /* PTPopMenu.m */,
			);
			name = View;
			path = view;
			sourceTree = "<group>";
		};
		AAE3E4AB1CBA211700AE23C0 /* Main */ = {
			isa = PBXGroup;
			children = (
				AAE3E4B31CBA211700AE23C0 /* Controller */,
				AAE3E4BD1CBA211700AE23C0 /* View */,
				AAE3E4B81CBA211700AE23C0 /* Model */,
				AAE3E4AC1CBA211700AE23C0 /* Category */,
				AAE3E4B91CBA211700AE23C0 /* Other */,
			);
			path = Main;
			sourceTree = "<group>";
		};
		AAE3E4AC1CBA211700AE23C0 /* Category */ = {
			isa = PBXGroup;
			children = (
				AAE3E4AD1CBA211700AE23C0 /* UIBarButtonItem+Extension.h */,
				AAE3E4AE1CBA211700AE23C0 /* UIBarButtonItem+Extension.m */,
				AAE3E4AF1CBA211700AE23C0 /* UIImage+Extension.h */,
				AAE3E4B01CBA211700AE23C0 /* UIImage+Extension.m */,
				AAE3E4B11CBA211700AE23C0 /* UIView+Extension.h */,
				AAE3E4B21CBA211700AE23C0 /* UIView+Extension.m */,
			);
			path = Category;
			sourceTree = "<group>";
		};
		AAE3E4B31CBA211700AE23C0 /* Controller */ = {
			isa = PBXGroup;
			children = (
				AAE3E4B41CBA211700AE23C0 /* PTNavigationController.h */,
				AAE3E4B51CBA211700AE23C0 /* PTNavigationController.m */,
				AAE3E4B61CBA211700AE23C0 /* PTTabBarController.h */,
				AAE3E4B71CBA211700AE23C0 /* PTTabBarController.m */,
			);
			path = Controller;
			sourceTree = "<group>";
		};
		AAE3E4B81CBA211700AE23C0 /* Model */ = {
			isa = PBXGroup;
			children = (
			);
			name = Model;
			path = model;
			sourceTree = "<group>";
		};
		AAE3E4B91CBA211700AE23C0 /* Other */ = {
			isa = PBXGroup;
			children = (
				AAE3E4BA1CBA211700AE23C0 /* main.m */,
				AAE3E4BB1CBA211700AE23C0 /* PTAppDelegate.h */,
				AAE3E4BC1CBA211700AE23C0 /* PTAppDelegate.m */,
			);
			path = Other;
			sourceTree = "<group>";
		};
		AAE3E4BD1CBA211700AE23C0 /* View */ = {
			isa = PBXGroup;
			children = (
				AACC155D1CBBE71E0042D1CE /* PTTabBar.h */,
				AACC155E1CBBE71E0042D1CE /* PTTabBar.m */,
				AA8E54B91CBD13E2005B04F0 /* PTTabBarButton.h */,
				AA8E54BA1CBD13E2005B04F0 /* PTTabBarButton.m */,
				AA8E54B51CBD13E2005B04F0 /* PTBadgeButton.h */,
				AA8E54B61CBD13E2005B04F0 /* PTBadgeButton.m */,
			);
			name = View;
			path = view;
			sourceTree = "<group>";
		};
		AAE3E4BE1CBA211700AE23C0 /* Message(消息) */ = {
			isa = PBXGroup;
			children = (
				AAE3E4BF1CBA211700AE23C0 /* Controller */,
				AAE3E4C21CBA211700AE23C0 /* Model */,
				AAE3E4C31CBA211700AE23C0 /* View */,
			);
			path = "Message(消息)";
			sourceTree = "<group>";
		};
		AAE3E4BF1CBA211700AE23C0 /* Controller */ = {
			isa = PBXGroup;
			children = (
				AAE3E4C01CBA211700AE23C0 /* PTMessageViewController.h */,
				AAE3E4C11CBA211700AE23C0 /* PTMessageViewController.m */,
			);
			path = Controller;
			sourceTree = "<group>";
		};
		AAE3E4C21CBA211700AE23C0 /* Model */ = {
			isa = PBXGroup;
			children = (
			);
			name = Model;
			path = model;
			sourceTree = "<group>";
		};
		AAE3E4C31CBA211700AE23C0 /* View */ = {
			isa = PBXGroup;
			children = (
			);
			name = View;
			path = view;
			sourceTree = "<group>";
		};
		AAE3E4C41CBA211700AE23C0 /* Profile(我) */ = {
			isa = PBXGroup;
			children = (
				AAE3E4C51CBA211700AE23C0 /* Controller */,
				AAE3E4C81CBA211700AE23C0 /* Model */,
				AAE3E4C91CBA211700AE23C0 /* View */,
			);
			path = "Profile(我)";
			sourceTree = "<group>";
		};
		AAE3E4C51CBA211700AE23C0 /* Controller */ = {
			isa = PBXGroup;
			children = (
				AAE3E4C61CBA211700AE23C0 /* PTProfileViewController.h */,
				AAE3E4C71CBA211700AE23C0 /* PTProfileViewController.m */,
			);
			path = Controller;
			sourceTree = "<group>";
		};
		AAE3E4C81CBA211700AE23C0 /* Model */ = {
			isa = PBXGroup;
			children = (
			);
			name = Model;
			path = model;
			sourceTree = "<group>";
		};
		AAE3E4C91CBA211700AE23C0 /* View */ = {
			isa = PBXGroup;
			children = (
			);
			name = View;
			path = view;
			sourceTree = "<group>";
		};
		AAE3E4D91CBA293A00AE23C0 /* AppIcon.appiconset */ = {
			isa = PBXGroup;
			children = (
				AAE3E4DA1CBA293A00AE23C0 /* Contents.json */,
				AAE3E4DB1CBA293A00AE23C0 /* icon.png */,
				AAE3E4DC1CBA293A00AE23C0 /* icon@2x.png */,
				AAE3E4DD1CBA293A00AE23C0 /* icon_os7@2x.png */,
			);
			name = AppIcon.appiconset;
			path = Assets.xcassets/AppIcon.appiconset;
			sourceTree = "<group>";
		};
/* End PBXGroup section */

/* Begin PBXNativeTarget section */
		AAE3E4671CBA208600AE23C0 /* MySina */ = {
			isa = PBXNativeTarget;
			buildConfigurationList = AAE3E4951CBA208600AE23C0 /* Build configuration list for PBXNativeTarget "MySina" */;
			buildPhases = (
				AAE3E4641CBA208600AE23C0 /* Sources */,
				AAE3E4651CBA208600AE23C0 /* Frameworks */,
				AAE3E4661CBA208600AE23C0 /* Resources */,
			);
			buildRules = (
			);
			dependencies = (
			);
			name = MySina;
			productName = MySina;
			productReference = AAE3E4681CBA208600AE23C0 /* MySina.app */;
			productType = "com.apple.product-type.application";
		};
		AAE3E4801CBA208600AE23C0 /* MySinaTests */ = {
			isa = PBXNativeTarget;
			buildConfigurationList = AAE3E4981CBA208600AE23C0 /* Build configuration list for PBXNativeTarget "MySinaTests" */;
			buildPhases = (
				AAE3E47D1CBA208600AE23C0 /* Sources */,
				AAE3E47E1CBA208600AE23C0 /* Frameworks */,
				AAE3E47F1CBA208600AE23C0 /* Resources */,
			);
			buildRules = (
			);
			dependencies = (
				AAE3E4831CBA208600AE23C0 /* PBXTargetDependency */,
			);
			name = MySinaTests;
			productName = MySinaTests;
			productReference = AAE3E4811CBA208600AE23C0 /* MySinaTests.xctest */;
			productType = "com.apple.product-type.bundle.unit-test";
		};
		AAE3E48B1CBA208600AE23C0 /* MySinaUITests */ = {
			isa = PBXNativeTarget;
			buildConfigurationList = AAE3E49B1CBA208600AE23C0 /* Build configuration list for PBXNativeTarget "MySinaUITests" */;
			buildPhases = (
				AAE3E4881CBA208600AE23C0 /* Sources */,
				AAE3E4891CBA208600AE23C0 /* Frameworks */,
				AAE3E48A1CBA208600AE23C0 /* Resources */,
			);
			buildRules = (
			);
			dependencies = (
				AAE3E48E1CBA208600AE23C0 /* PBXTargetDependency */,
			);
			name = MySinaUITests;
			productName = MySinaUITests;
			productReference = AAE3E48C1CBA208600AE23C0 /* MySinaUITests.xctest */;
			productType = "com.apple.product-type.bundle.ui-testing";
		};
/* End PBXNativeTarget section */

/* Begin PBXProject section */
		AAE3E4601CBA208500AE23C0 /* Project object */ = {
			isa = PBXProject;
			attributes = {
				LastUpgradeCheck = 0720;
				ORGANIZATIONNAME = PT;
				TargetAttributes = {
					AAE3E4671CBA208600AE23C0 = {
						CreatedOnToolsVersion = 7.2;
					};
					AAE3E4801CBA208600AE23C0 = {
						CreatedOnToolsVersion = 7.2;
						TestTargetID = AAE3E4671CBA208600AE23C0;
					};
					AAE3E48B1CBA208600AE23C0 = {
						CreatedOnToolsVersion = 7.2;
						TestTargetID = AAE3E4671CBA208600AE23C0;
					};
				};
			};
			buildConfigurationList = AAE3E4631CBA208500AE23C0 /* Build configuration list for PBXProject "MySina" */;
			compatibilityVersion = "Xcode 3.2";
			developmentRegion = English;
			hasScannedForEncodings = 0;
			knownRegions = (
				en,
				Base,
			);
			mainGroup = AAE3E45F1CBA208500AE23C0;
			productRefGroup = AAE3E4691CBA208600AE23C0 /* Products */;
			projectDirPath = "";
			projectRoot = "";
			targets = (
				AAE3E4671CBA208600AE23C0 /* MySina */,
				AAE3E4801CBA208600AE23C0 /* MySinaTests */,
				AAE3E48B1CBA208600AE23C0 /* MySinaUITests */,
			);
		};
/* End PBXProject section */

/* Begin PBXResourcesBuildPhase section */
		AAE3E4661CBA208600AE23C0 /* Resources */ = {
			isa = PBXResourcesBuildPhase;
			buildActionMask = 2147483647;
			files = (
				AAE3E47B1CBA208600AE23C0 /* LaunchScreen.storyboard in Resources */,
				AAE3E4DF1CBA293A00AE23C0 /* icon.png in Resources */,
				AAE3E4E11CBA293A00AE23C0 /* icon_os7@2x.png in Resources */,
				AAE3E4D61CBA216600AE23C0 /* Images.xcassets in Resources */,
				AAE3E4761CBA208600AE23C0 /* Main.storyboard in Resources */,
				AAE3E4DE1CBA293A00AE23C0 /* Contents.json in Resources */,
				AAE3E4E01CBA293A00AE23C0 /* icon@2x.png in Resources */,
			);
			runOnlyForDeploymentPostprocessing = 0;
		};
		AAE3E47F1CBA208600AE23C0 /* Resources */ = {
			isa = PBXResourcesBuildPhase;
			buildActionMask = 2147483647;
			files = (
			);
			runOnlyForDeploymentPostprocessing = 0;
		};
		AAE3E48A1CBA208600AE23C0 /* Resources */ = {
			isa = PBXResourcesBuildPhase;
			buildActionMask = 2147483647;
			files = (
			);
			runOnlyForDeploymentPostprocessing = 0;
		};
/* End PBXResourcesBuildPhase section */

/* Begin PBXSourcesBuildPhase section */
		AAE3E4641CBA208600AE23C0 /* Sources */ = {
			isa = PBXSourcesBuildPhase;
			buildActionMask = 2147483647;
			files = (
				AAE3E4CE1CBA211700AE23C0 /* UIView+Extension.m in Sources */,
				AACC15551CBBDD1E0042D1CE /* PTTitleButton.m in Sources */,
				AAE3E4CD1CBA211700AE23C0 /* UIImage+Extension.m in Sources */,
				AACC155F1CBBE71E0042D1CE /* PTTabBar.m in Sources */,
				AAE3E4CF1CBA211700AE23C0 /* PTNavigationController.m in Sources */,
				AAE3E4D31CBA211700AE23C0 /* PTMessageViewController.m in Sources */,
				AAE3E4D01CBA211700AE23C0 /* PTTabBarController.m in Sources */,
				AAE3E4CC1CBA211700AE23C0 /* UIBarButtonItem+Extension.m in Sources */,
				AAE3E4CA1CBA211700AE23C0 /* PTDiscoverViewController.m in Sources */,
				AAE3E4D41CBA211700AE23C0 /* PTProfileViewController.m in Sources */,
				AAE3E4D11CBA211700AE23C0 /* main.m in Sources */,
				AAE3E4D21CBA211700AE23C0 /* PTAppDelegate.m in Sources */,
				AA8E54BD1CBD13E2005B04F0 /* PTTabBarButton.m in Sources */,
				AACC155C1CBBE7050042D1CE /* PTComposeViewController.m in Sources */,
				AA8E54BB1CBD13E2005B04F0 /* PTBadgeButton.m in Sources */,
				AAE3E4E41CBA2EB800AE23C0 /* PTHomeViewController.m in Sources */,
				AACC15541CBBDD1E0042D1CE /* PTPopMenu.m in Sources */,
			);
			runOnlyForDeploymentPostprocessing = 0;
		};
		AAE3E47D1CBA208600AE23C0 /* Sources */ = {
			isa = PBXSourcesBuildPhase;
			buildActionMask = 2147483647;
			files = (
				AAE3E4861CBA208600AE23C0 /* MySinaTests.m in Sources */,
			);
			runOnlyForDeploymentPostprocessing = 0;
		};
		AAE3E4881CBA208600AE23C0 /* Sources */ = {
			isa = PBXSourcesBuildPhase;
			buildActionMask = 2147483647;
			files = (
				AAE3E4911CBA208600AE23C0 /* MySinaUITests.m in Sources */,
			);
			runOnlyForDeploymentPostprocessing = 0;
		};
/* End PBXSourcesBuildPhase section */

/* Begin PBXTargetDependency section */
		AAE3E4831CBA208600AE23C0 /* PBXTargetDependency */ = {
			isa = PBXTargetDependency;
			target = AAE3E4671CBA208600AE23C0 /* MySina */;
			targetProxy = AAE3E4821CBA208600AE23C0 /* PBXContainerItemProxy */;
		};
		AAE3E48E1CBA208600AE23C0 /* PBXTargetDependency */ = {
			isa = PBXTargetDependency;
			target = AAE3E4671CBA208600AE23C0 /* MySina */;
			targetProxy = AAE3E48D1CBA208600AE23C0 /* PBXContainerItemProxy */;
		};
/* End PBXTargetDependency section */

/* Begin PBXVariantGroup section */
		AAE3E4741CBA208600AE23C0 /* Main.storyboard */ = {
			isa = PBXVariantGroup;
			children = (
				AAE3E4751CBA208600AE23C0 /* Base */,
			);
			name = Main.storyboard;
			sourceTree = "<group>";
		};
		AAE3E4791CBA208600AE23C0 /* LaunchScreen.storyboard */ = {
			isa = PBXVariantGroup;
			children = (
				AAE3E47A1CBA208600AE23C0 /* Base */,
			);
			name = LaunchScreen.storyboard;
			sourceTree = "<group>";
		};
/* End PBXVariantGroup section */

/* Begin XCBuildConfiguration section */
		AAE3E4931CBA208600AE23C0 /* Debug */ = {
			isa = XCBuildConfiguration;
			buildSettings = {
				ALWAYS_SEARCH_USER_PATHS = NO;
				CLANG_CXX_LANGUAGE_STANDARD = "gnu++0x";
				CLANG_CXX_LIBRARY = "libc++";
				CLANG_ENABLE_MODULES = YES;
				CLANG_ENABLE_OBJC_ARC = YES;
				CLANG_WARN_BOOL_CONVERSION = YES;
				CLANG_WARN_CONSTANT_CONVERSION = YES;
				CLANG_WARN_DIRECT_OBJC_ISA_USAGE = YES_ERROR;
				CLANG_WARN_EMPTY_BODY = YES;
				CLANG_WARN_ENUM_CONVERSION = YES;
				CLANG_WARN_INT_CONVERSION = YES;
				CLANG_WARN_OBJC_ROOT_CLASS = YES_ERROR;
				CLANG_WARN_UNREACHABLE_CODE = YES;
				CLANG_WARN__DUPLICATE_METHOD_MATCH = YES;
				"CODE_SIGN_IDENTITY[sdk=iphoneos*]" = "iPhone Developer";
				COPY_PHASE_STRIP = NO;
				DEBUG_INFORMATION_FORMAT = dwarf;
				ENABLE_STRICT_OBJC_MSGSEND = YES;
				ENABLE_TESTABILITY = YES;
				GCC_C_LANGUAGE_STANDARD = gnu99;
				GCC_DYNAMIC_NO_PIC = NO;
				GCC_NO_COMMON_BLOCKS = YES;
				GCC_OPTIMIZATION_LEVEL = 0;
				GCC_PRECOMPILE_PREFIX_HEADER = YES;
				GCC_PREPROCESSOR_DEFINITIONS = (
					"DEBUG=1",
					"$(inherited)",
				);
				GCC_WARN_64_TO_32_BIT_CONVERSION = YES;
				GCC_WARN_ABOUT_RETURN_TYPE = YES_ERROR;
				GCC_WARN_UNDECLARED_SELECTOR = YES;
				GCC_WARN_UNINITIALIZED_AUTOS = YES_AGGRESSIVE;
				GCC_WARN_UNUSED_FUNCTION = YES;
				GCC_WARN_UNUSED_VARIABLE = YES;
				IPHONEOS_DEPLOYMENT_TARGET = 9.2;
				MTL_ENABLE_DEBUG_INFO = YES;
				ONLY_ACTIVE_ARCH = YES;
				SDKROOT = iphoneos;
			};
			name = Debug;
		};
		AAE3E4941CBA208600AE23C0 /* Release */ = {
			isa = XCBuildConfiguration;
			buildSettings = {
				ALWAYS_SEARCH_USER_PATHS = NO;
				CLANG_CXX_LANGUAGE_STANDARD = "gnu++0x";
				CLANG_CXX_LIBRARY = "libc++";
				CLANG_ENABLE_MODULES = YES;
				CLANG_ENABLE_OBJC_ARC = YES;
				CLANG_WARN_BOOL_CONVERSION = YES;
				CLANG_WARN_CONSTANT_CONVERSION = YES;
				CLANG_WARN_DIRECT_OBJC_ISA_USAGE = YES_ERROR;
				CLANG_WARN_EMPTY_BODY = YES;
				CLANG_WARN_ENUM_CONVERSION = YES;
				CLANG_WARN_INT_CONVERSION = YES;
				CLANG_WARN_OBJC_ROOT_CLASS = YES_ERROR;
				CLANG_WARN_UNREACHABLE_CODE = YES;
				CLANG_WARN__DUPLICATE_METHOD_MATCH = YES;
				"CODE_SIGN_IDENTITY[sdk=iphoneos*]" = "iPhone Developer";
				COPY_PHASE_STRIP = NO;
				DEBUG_INFORMATION_FORMAT = "dwarf-with-dsym";
				ENABLE_NS_ASSERTIONS = NO;
				ENABLE_STRICT_OBJC_MSGSEND = YES;
				GCC_C_LANGUAGE_STANDARD = gnu99;
				GCC_NO_COMMON_BLOCKS = YES;
				GCC_PRECOMPILE_PREFIX_HEADER = YES;
				GCC_WARN_64_TO_32_BIT_CONVERSION = YES;
				GCC_WARN_ABOUT_RETURN_TYPE = YES_ERROR;
				GCC_WARN_UNDECLARED_SELECTOR = YES;
				GCC_WARN_UNINITIALIZED_AUTOS = YES_AGGRESSIVE;
				GCC_WARN_UNUSED_FUNCTION = YES;
				GCC_WARN_UNUSED_VARIABLE = YES;
				IPHONEOS_DEPLOYMENT_TARGET = 9.2;
				MTL_ENABLE_DEBUG_INFO = NO;
				SDKROOT = iphoneos;
				VALIDATE_PRODUCT = YES;
			};
			name = Release;
		};
		AAE3E4961CBA208600AE23C0 /* Debug */ = {
			isa = XCBuildConfiguration;
			buildSettings = {
				ASSETCATALOG_COMPILER_APPICON_NAME = AppIcon;
				ASSETCATALOG_COMPILER_LAUNCHIMAGE_NAME = LaunchImage;
				GCC_PRECOMPILE_PREFIX_HEADER = YES;
				GCC_PREFIX_HEADER = MySina/MySinaPrefixHeader.pch;
				INFOPLIST_FILE = MySina/Info.plist;
				IPHONEOS_DEPLOYMENT_TARGET = 9.2;
				LD_RUNPATH_SEARCH_PATHS = "$(inherited) @executable_path/Frameworks";
				PRODUCT_BUNDLE_IDENTIFIER = com.apple.MySina;
				PRODUCT_NAME = "$(TARGET_NAME)";
			};
			name = Debug;
		};
		AAE3E4971CBA208600AE23C0 /* Release */ = {
			isa = XCBuildConfiguration;
			buildSettings = {
				ASSETCATALOG_COMPILER_APPICON_NAME = AppIcon;
				ASSETCATALOG_COMPILER_LAUNCHIMAGE_NAME = LaunchImage;
				GCC_PRECOMPILE_PREFIX_HEADER = YES;
				GCC_PREFIX_HEADER = MySina/MySinaPrefixHeader.pch;
				INFOPLIST_FILE = MySina/Info.plist;
				IPHONEOS_DEPLOYMENT_TARGET = 9.2;
				LD_RUNPATH_SEARCH_PATHS = "$(inherited) @executable_path/Frameworks";
				PRODUCT_BUNDLE_IDENTIFIER = com.apple.MySina;
				PRODUCT_NAME = "$(TARGET_NAME)";
			};
			name = Release;
		};
		AAE3E4991CBA208600AE23C0 /* Debug */ = {
			isa = XCBuildConfiguration;
			buildSettings = {
				BUNDLE_LOADER = "$(TEST_HOST)";
				INFOPLIST_FILE = MySinaTests/Info.plist;
				LD_RUNPATH_SEARCH_PATHS = "$(inherited) @executable_path/Frameworks @loader_path/Frameworks";
				PRODUCT_BUNDLE_IDENTIFIER = com.apple.MySinaTests;
				PRODUCT_NAME = "$(TARGET_NAME)";
				TEST_HOST = "$(BUILT_PRODUCTS_DIR)/MySina.app/MySina";
			};
			name = Debug;
		};
		AAE3E49A1CBA208600AE23C0 /* Release */ = {
			isa = XCBuildConfiguration;
			buildSettings = {
				BUNDLE_LOADER = "$(TEST_HOST)";
				INFOPLIST_FILE = MySinaTests/Info.plist;
				LD_RUNPATH_SEARCH_PATHS = "$(inherited) @executable_path/Frameworks @loader_path/Frameworks";
				PRODUCT_BUNDLE_IDENTIFIER = com.apple.MySinaTests;
				PRODUCT_NAME = "$(TARGET_NAME)";
				TEST_HOST = "$(BUILT_PRODUCTS_DIR)/MySina.app/MySina";
			};
			name = Release;
		};
		AAE3E49C1CBA208600AE23C0 /* Debug */ = {
			isa = XCBuildConfiguration;
			buildSettings = {
				INFOPLIST_FILE = MySinaUITests/Info.plist;
				LD_RUNPATH_SEARCH_PATHS = "$(inherited) @executable_path/Frameworks @loader_path/Frameworks";
				PRODUCT_BUNDLE_IDENTIFIER = com.apple.MySinaUITests;
				PRODUCT_NAME = "$(TARGET_NAME)";
				TEST_TARGET_NAME = MySina;
				USES_XCTRUNNER = YES;
			};
			name = Debug;
		};
		AAE3E49D1CBA208600AE23C0 /* Release */ = {
			isa = XCBuildConfiguration;
			buildSettings = {
				INFOPLIST_FILE = MySinaUITests/Info.plist;
				LD_RUNPATH_SEARCH_PATHS = "$(inherited) @executable_path/Frameworks @loader_path/Frameworks";
				PRODUCT_BUNDLE_IDENTIFIER = com.apple.MySinaUITests;
				PRODUCT_NAME = "$(TARGET_NAME)";
				TEST_TARGET_NAME = MySina;
				USES_XCTRUNNER = YES;
			};
			name = Release;
		};
/* End XCBuildConfiguration section */

/* Begin XCConfigurationList section */
		AAE3E4631CBA208500AE23C0 /* Build configuration list for PBXProject "MySina" */ = {
			isa = XCConfigurationList;
			buildConfigurations = (
				AAE3E4931CBA208600AE23C0 /* Debug */,
				AAE3E4941CBA208600AE23C0 /* Release */,
			);
			defaultConfigurationIsVisible = 0;
			defaultConfigurationName = Release;
		};
		AAE3E4951CBA208600AE23C0 /* Build configuration list for PBXNativeTarget "MySina" */ = {
			isa = XCConfigurationList;
			buildConfigurations = (
				AAE3E4961CBA208600AE23C0 /* Debug */,
				AAE3E4971CBA208600AE23C0 /* Release */,
			);
			defaultConfigurationIsVisible = 0;
			defaultConfigurationName = Release;
		};
		AAE3E4981CBA208600AE23C0 /* Build configuration list for PBXNativeTarget "MySinaTests" */ = {
			isa = XCConfigurationList;
			buildConfigurations = (
				AAE3E4991CBA208600AE23C0 /* Debug */,
				AAE3E49A1CBA208600AE23C0 /* Release */,
			);
			defaultConfigurationIsVisible = 0;
			defaultConfigurationName = Release;
		};
		AAE3E49B1CBA208600AE23C0 /* Build configuration list for PBXNativeTarget "MySinaUITests" */ = {
			isa = XCConfigurationList;
			buildConfigurations = (
				AAE3E49C1CBA208600AE23C0 /* Debug */,
				AAE3E49D1CBA208600AE23C0 /* Release */,
			);
			defaultConfigurationIsVisible = 0;
			defaultConfigurationName = Release;
		};
/* End XCConfigurationList section */
	};
	rootObject = AAE3E4601CBA208500AE23C0 /* Project object */;
}
